
Microsoft Visual Studio Solution File, Format Version 12.00
# Visual Studio 15
VisualStudioVersion = 15.0.27130.2003
MinimumVisualStudioVersion = 10.0.40219.1
Project("{FAE04EC0-301F-11D3-BF4B-00C04F79EFBC}") = "ProjectHelloworld", "ProjectHelloworld\ProjectHelloworld.csproj", "{8A4302DE-B91A-4D86-AAF3-120F59471A13}"
EndProject
Project("{FAE04EC0-301F-11D3-BF4B-00C04F79EFBC}") = "ProjectCrawler", "ProjectCrawler\ProjectCrawler.csproj", "{2FA89033-58C6-4E47-8108-5FB77055F8BD}"
EndProject
Project("{FAE04EC0-301F-11D3-BF4B-00C04F79EFBC}") = "ProjectAlgorithm", "ProjectAlgorithm\ProjectAlgorithm.csproj", "{5D19038A-9DDE-4D45-B943-7D999E3EE141}"
EndProject
Project("{FAE04EC0-301F-11D3-BF4B-00C04F79EFBC}") = "ProjectWordSegmenter", "ProjectWordSegmenter\ProjectWordSegmenter.csproj", "{9703ABD5-433D-4308-951A-C029C258A64E}"
EndProject
Global
	GlobalSection(SolutionConfigurationPlatforms) = preSolution
		Debug|Any CPU = Debug|Any CPU
		Release|Any CPU = Release|Any CPU
	EndGlobalSection
	GlobalSection(ProjectConfigurationPlatforms) = postSolution
		{8A4302DE-B91A-4D86-AAF3-120F59471A13}.Debug|Any CPU.ActiveCfg = Debug|Any CPU
		{8A4302DE-B91A-4D86-AAF3-120F59471A13}.Debug|Any CPU.Build.0 = Debug|Any CPU
		{8A4302DE-B91A-4D86-AAF3-120F59471A13}.Release|Any CPU.ActiveCfg = Release|Any CPU
		{8A4302DE-B91A-4D86-AAF3-120F59471A13}.Release|Any CPU.Build.0 = Release|Any CPU
		{2FA89033-58C6-4E47-8108-5FB77055F8BD}.Debug|Any CPU.ActiveCfg = Debug|Any CPU
		{2FA89033-58C6-4E47-8108-5FB77055F8BD}.Debug|Any CPU.Build.0 = Debug|Any CPU
		{2FA89033-58C6-4E47-8108-5FB77055F8BD}.Release|Any CPU.ActiveCfg = Release|Any CPU
		{2FA89033-58C6-4E47-8108-5FB77055F8BD}.Release|Any CPU.Build.0 = Release|Any CPU
		{5D19038A-9DDE-4D45-B943-7D999E3EE141}.Debug|Any CPU.ActiveCfg = Debug|Any CPU
		{5D19038A-9DDE-4D45-B943-7D999E3EE141}.Debug|Any CPU.Build.0 = Debug|Any CPU
		{5D19038A-9DDE-4D45-B943-7D999E3EE141}.Release|Any CPU.ActiveCfg = Release|Any CPU
		{5D19038A-9DDE-4D45-B943-7D999E3EE141}.Release|Any CPU.Build.0 = Release|Any CPU
		{9703ABD5-433D-4308-951A-C029C258A64E}.Debug|Any CPU.ActiveCfg = Debug|Any CPU
		{9703ABD5-433D-4308-951A-C029C258A64E}.Debug|Any CPU.Build.0 = Debug|Any CPU
		{9703ABD5-433D-4308-951A-C029C258A64E}.Release|Any CPU.ActiveCfg = Release|Any CPU
		{9703ABD5-433D-4308-951A-C029C258A64E}.Release|Any CPU.Build.0 = Release|Any CPU
	EndGlobalSection
	GlobalSection(SolutionProperties) = preSolution
		HideSolutionNode = FALSE
	EndGlobalSection
	GlobalSection(ExtensibilityGlobals) = postSolution
		SolutionGuid = {5AD8732C-2CE5-4D8D-811D-7CA6C1A44F16}
	EndGlobalSection
EndGlobal
